
Microsoft Visual Studio Solution File, Format Version 12.00
# Visual Studio Version 17
VisualStudioVersion = 17.10.35122.118
MinimumVisualStudioVersion = 10.0.40219.1
Project("{FAE04EC0-301F-11D3-BF4B-00C04F79EFBC}") = "EmployeeManagementService", "EmployeeManagementService\EmployeeManagementService.csproj", "{BC3AC17C-9ADB-4BF1-AE53-4B8DF7BFBFAD}"
EndProject
Global
	GlobalSection(SolutionConfigurationPlatforms) = preSolution
		Debug|Any CPU = Debug|Any CPU
		Release|Any CPU = Release|Any CPU
	EndGlobalSection
	GlobalSection(ProjectConfigurationPlatforms) = postSolution
		{BC3AC17C-9ADB-4BF1-AE53-4B8DF7BFBFAD}.Debug|Any CPU.ActiveCfg = Debug|Any CPU
		{BC3AC17C-9ADB-4BF1-AE53-4B8DF7BFBFAD}.Debug|Any CPU.Build.0 = Debug|Any CPU
		{BC3AC17C-9ADB-4BF1-AE53-4B8DF7BFBFAD}.Release|Any CPU.ActiveCfg = Release|Any CPU
		{BC3AC17C-9ADB-4BF1-AE53-4B8DF7BFBFAD}.Release|Any CPU.Build.0 = Release|Any CPU
	EndGlobalSection
	GlobalSection(SolutionProperties) = preSolution
		HideSolutionNode = FALSE
	EndGlobalSection
	GlobalSection(ExtensibilityGlobals) = postSolution
		SolutionGuid = {B5B505E4-9308-4A75-B12D-E01ECBD1E0BC}
	EndGlobalSection
EndGlobal
